
Microsoft Visual Studio Solution File, Format Version 12.00
# Visual Studio Version 17
VisualStudioVersion = 17.9.34728.123
MinimumVisualStudioVersion = 10.0.40219.1
Project("{FAE04EC0-301F-11D3-BF4B-00C04F79EFBC}") = "efcodefirst", "efcodefirst.csproj", "{C03F79BE-31BE-4783-B2EE-AF7E44317497}"
EndProject
Global
	GlobalSection(SolutionConfigurationPlatforms) = preSolution
		Debug|Any CPU = Debug|Any CPU
		Release|Any CPU = Release|Any CPU
	EndGlobalSection
	GlobalSection(ProjectConfigurationPlatforms) = postSolution
		{C03F79BE-31BE-4783-B2EE-AF7E44317497}.Debug|Any CPU.ActiveCfg = Debug|Any CPU
		{C03F79BE-31BE-4783-B2EE-AF7E44317497}.Debug|Any CPU.Build.0 = Debug|Any CPU
		{C03F79BE-31BE-4783-B2EE-AF7E44317497}.Release|Any CPU.ActiveCfg = Release|Any CPU
		{C03F79BE-31BE-4783-B2EE-AF7E44317497}.Release|Any CPU.Build.0 = Release|Any CPU
	EndGlobalSection
	GlobalSection(SolutionProperties) = preSolution
		HideSolutionNode = FALSE
	EndGlobalSection
	GlobalSection(ExtensibilityGlobals) = postSolution
		SolutionGuid = {4902A564-5D88-49FF-B4E9-AF4AB64458A8}
	EndGlobalSection
EndGlobal
